
Microsoft Visual Studio Solution File, Format Version 12.00
# Visual Studio 15
Project("{FAE04EC0-301F-11D3-BF4B-00C04F79EFBC}") = "WatchServer", "WatchServer\WatchServer.csproj", "{86C468C4-26D7-4683-8977-F64BBBA41682}"
EndProject
Project("{FAE04EC0-301F-11D3-BF4B-00C04F79EFBC}") = "Watch", "Watch\Watch\Watch.csproj", "{3D8F6830-4320-4656-BC5A-1BD566A4D50B}"
EndProject
Project("{FAE04EC0-301F-11D3-BF4B-00C04F79EFBC}") = "Watch.iOS", "Watch\Watch.iOS\Watch.iOS.csproj", "{400AA819-9818-47C2-9173-C3164F245CD9}"
EndProject
Global
	GlobalSection(SolutionConfigurationPlatforms) = preSolution
		Debug|Any CPU = Debug|Any CPU
		Release|Any CPU = Release|Any CPU
		Debug|iPhoneSimulator = Debug|iPhoneSimulator
		Release|iPhoneSimulator = Release|iPhoneSimulator
		Debug|iPhone = Debug|iPhone
		Release|iPhone = Release|iPhone
		Ad-Hoc|iPhone = Ad-Hoc|iPhone
		AppStore|iPhone = AppStore|iPhone
	EndGlobalSection
	GlobalSection(ProjectConfigurationPlatforms) = postSolution
		{86C468C4-26D7-4683-8977-F64BBBA41682}.Debug|Any CPU.ActiveCfg = Debug|Any CPU
		{86C468C4-26D7-4683-8977-F64BBBA41682}.Debug|Any CPU.Build.0 = Debug|Any CPU
		{86C468C4-26D7-4683-8977-F64BBBA41682}.Release|Any CPU.ActiveCfg = Release|Any CPU
		{86C468C4-26D7-4683-8977-F64BBBA41682}.Release|Any CPU.Build.0 = Release|Any CPU
		{86C468C4-26D7-4683-8977-F64BBBA41682}.Debug|iPhoneSimulator.ActiveCfg = Debug|Any CPU
		{86C468C4-26D7-4683-8977-F64BBBA41682}.Debug|iPhoneSimulator.Build.0 = Debug|Any CPU
		{86C468C4-26D7-4683-8977-F64BBBA41682}.Release|iPhoneSimulator.ActiveCfg = Release|Any CPU
		{86C468C4-26D7-4683-8977-F64BBBA41682}.Release|iPhoneSimulator.Build.0 = Release|Any CPU
		{86C468C4-26D7-4683-8977-F64BBBA41682}.Debug|iPhone.ActiveCfg = Debug|Any CPU
		{86C468C4-26D7-4683-8977-F64BBBA41682}.Debug|iPhone.Build.0 = Debug|Any CPU
		{86C468C4-26D7-4683-8977-F64BBBA41682}.Release|iPhone.ActiveCfg = Release|Any CPU
		{86C468C4-26D7-4683-8977-F64BBBA41682}.Release|iPhone.Build.0 = Release|Any CPU
		{86C468C4-26D7-4683-8977-F64BBBA41682}.Ad-Hoc|iPhone.ActiveCfg = Debug|Any CPU
		{86C468C4-26D7-4683-8977-F64BBBA41682}.Ad-Hoc|iPhone.Build.0 = Debug|Any CPU
		{86C468C4-26D7-4683-8977-F64BBBA41682}.AppStore|iPhone.ActiveCfg = Debug|Any CPU
		{86C468C4-26D7-4683-8977-F64BBBA41682}.AppStore|iPhone.Build.0 = Debug|Any CPU
		{3D8F6830-4320-4656-BC5A-1BD566A4D50B}.Debug|Any CPU.ActiveCfg = Debug|Any CPU
		{3D8F6830-4320-4656-BC5A-1BD566A4D50B}.Debug|Any CPU.Build.0 = Debug|Any CPU
		{3D8F6830-4320-4656-BC5A-1BD566A4D50B}.Release|Any CPU.ActiveCfg = Release|Any CPU
		{3D8F6830-4320-4656-BC5A-1BD566A4D50B}.Release|Any CPU.Build.0 = Release|Any CPU
		{3D8F6830-4320-4656-BC5A-1BD566A4D50B}.Debug|iPhoneSimulator.ActiveCfg = Debug|Any CPU
		{3D8F6830-4320-4656-BC5A-1BD566A4D50B}.Debug|iPhoneSimulator.Build.0 = Debug|Any CPU
		{3D8F6830-4320-4656-BC5A-1BD566A4D50B}.Release|iPhoneSimulator.ActiveCfg = Release|Any CPU
		{3D8F6830-4320-4656-BC5A-1BD566A4D50B}.Release|iPhoneSimulator.Build.0 = Release|Any CPU
		{3D8F6830-4320-4656-BC5A-1BD566A4D50B}.Debug|iPhone.ActiveCfg = Debug|Any CPU
		{3D8F6830-4320-4656-BC5A-1BD566A4D50B}.Debug|iPhone.Build.0 = Debug|Any CPU
		{3D8F6830-4320-4656-BC5A-1BD566A4D50B}.Release|iPhone.ActiveCfg = Release|Any CPU
		{3D8F6830-4320-4656-BC5A-1BD566A4D50B}.Release|iPhone.Build.0 = Release|Any CPU
		{3D8F6830-4320-4656-BC5A-1BD566A4D50B}.Ad-Hoc|iPhone.ActiveCfg = Debug|Any CPU
		{3D8F6830-4320-4656-BC5A-1BD566A4D50B}.Ad-Hoc|iPhone.Build.0 = Debug|Any CPU
		{3D8F6830-4320-4656-BC5A-1BD566A4D50B}.AppStore|iPhone.ActiveCfg = Debug|Any CPU
		{3D8F6830-4320-4656-BC5A-1BD566A4D50B}.AppStore|iPhone.Build.0 = Debug|Any CPU
		{400AA819-9818-47C2-9173-C3164F245CD9}.Debug|Any CPU.ActiveCfg = Debug|iPhoneSimulator
		{400AA819-9818-47C2-9173-C3164F245CD9}.Debug|Any CPU.Build.0 = Debug|iPhoneSimulator
		{400AA819-9818-47C2-9173-C3164F245CD9}.Release|Any CPU.ActiveCfg = Release|iPhoneSimulator
		{400AA819-9818-47C2-9173-C3164F245CD9}.Release|Any CPU.Build.0 = Release|iPhoneSimulator
		{400AA819-9818-47C2-9173-C3164F245CD9}.Debug|iPhoneSimulator.ActiveCfg = Debug|iPhoneSimulator
		{400AA819-9818-47C2-9173-C3164F245CD9}.Debug|iPhoneSimulator.Build.0 = Debug|iPhoneSimulator
		{400AA819-9818-47C2-9173-C3164F245CD9}.Release|iPhoneSimulator.ActiveCfg = Release|iPhoneSimulator
		{400AA819-9818-47C2-9173-C3164F245CD9}.Release|iPhoneSimulator.Build.0 = Release|iPhoneSimulator
		{400AA819-9818-47C2-9173-C3164F245CD9}.Debug|iPhone.ActiveCfg = Debug|iPhone
		{400AA819-9818-47C2-9173-C3164F245CD9}.Debug|iPhone.Build.0 = Debug|iPhone
		{400AA819-9818-47C2-9173-C3164F245CD9}.Release|iPhone.ActiveCfg = Release|iPhone
		{400AA819-9818-47C2-9173-C3164F245CD9}.Release|iPhone.Build.0 = Release|iPhone
		{400AA819-9818-47C2-9173-C3164F245CD9}.Ad-Hoc|iPhone.ActiveCfg = Ad-Hoc|iPhone
		{400AA819-9818-47C2-9173-C3164F245CD9}.Ad-Hoc|iPhone.Build.0 = Ad-Hoc|iPhone
		{400AA819-9818-47C2-9173-C3164F245CD9}.AppStore|iPhone.ActiveCfg = AppStore|iPhone
		{400AA819-9818-47C2-9173-C3164F245CD9}.AppStore|iPhone.Build.0 = AppStore|iPhone
	EndGlobalSection
EndGlobal
